[[package]]
name = "graphql-core"
version = "3.2.3"
description = "GraphQL implementation for Python, a port of GraphQL.js, the JavaScript reference implementation for GraphQL."
category = "main"
optional = false
python-versions = ">=3.6,<4"

[[package]]
name = "pyinstrument"
version = "4.4.0"
description = "Call stack profiler for Python. Shows you why your code is slow!"
category = "main"
optional = false
python-versions = ">=3.7"

[package.extras]
jupyter = ["ipython"]

[[package]]
name = "python-dateutil"
version = "2.8.2"
description = "Extensions to the standard Python datetime module"
category = "main"
optional = false
python-versions = "!=3.0.*,!=3.1.*,!=3.2.*,>=2.7"

[package.dependencies]
six = ">=1.5"

[[package]]
name = "rustberry"
version = "0.6.0"
description = ""
category = "main"
optional = false
python-versions = ">=3.7"

[package.source]
type = "file"
url = "../target/wheels/rustberry-0.6.0-cp310-cp310-macosx_10_7_x86_64.whl"

[[package]]
name = "six"
version = "1.16.0"
description = "Python 2 and 3 compatibility utilities"
category = "main"
optional = false
python-versions = ">=2.7, !=3.0.*, !=3.1.*, !=3.2.*"

[[package]]
name = "strawberry-graphql"
version = "0.151.2"
description = "A library for creating GraphQL APIs"
category = "main"
optional = false
python-versions = ">=3.7,<4.0"

[package.dependencies]
graphql-core = ">=3.2.0,<3.3.0"
python-dateutil = ">=2.7.0,<3.0.0"
typing_extensions = ">=3.7.4,<5.0.0"

[package.extras]
aiohttp = ["aiohttp (>=3.7.4.post0,<4.0.0)"]
asgi = ["python-multipart (>=0.0.5,<0.0.6)", "starlette (>=0.13.6)"]
chalice = ["chalice (>=1.22,<2.0)"]
channels = ["asgiref (>=3.2,<4.0)", "channels (>=3.0.5)"]
cli = ["click (>=7.0,<9.0)", "libcst (>=0.4.7)", "pygments (>=2.3,<3.0)", "rich (>=12.0.0)"]
debug = ["libcst (>=0.4.7)", "rich (>=12.0.0)"]
debug-server = ["click (>=7.0,<9.0)", "libcst (>=0.4.7)", "pygments (>=2.3,<3.0)", "python-multipart (>=0.0.5,<0.0.6)", "rich (>=12.0.0)", "starlette (>=0.13.6)", "uvicorn (>=0.11.6,<0.21.0)"]
django = ["Django (>=3.2)", "asgiref (>=3.2,<4.0)"]
fastapi = ["fastapi (>=0.65.2)", "python-multipart (>=0.0.5,<0.0.6)"]
flask = ["flask (>=1.1)"]
opentelemetry = ["opentelemetry-api (<2)", "opentelemetry-sdk (<2)"]
pydantic = ["pydantic (<2)"]
sanic = ["sanic (>=20.12.2)"]

[[package]]
name = "typing-extensions"
version = "4.4.0"
description = "Backported and Experimental Type Hints for Python 3.7+"
category = "main"
optional = false
python-versions = ">=3.7"

[metadata]
lock-version = "1.1"
python-versions = "^3.10"
content-hash = "b5d186ddab46e9042220392a38b5739ee1d4f09d6fd19af0339daa19283eb94b"

[metadata.files]
graphql-core = [
    {file = "graphql-core-3.2.3.tar.gz", hash = "sha256:06d2aad0ac723e35b1cb47885d3e5c45e956a53bc1b209a9fc5369007fe46676"},
    {file = "graphql_core-3.2.3-py3-none-any.whl", hash = "sha256:5766780452bd5ec8ba133f8bf287dc92713e3868ddd83aee4faab9fc3e303dc3"},
]
pyinstrument = [
    {file = "pyinstrument-4.4.0-cp310-cp310-macosx_10_9_universal2.whl", hash = "sha256:8874f8f58cfcb1ff134dc8e4a2b31ab9175adb271a4423596ed7ac8183592cf8"},
    {file = "pyinstrument-4.4.0-cp310-cp310-macosx_10_9_x86_64.whl", hash = "sha256:e5f4d6e1c395f259f67a923a9c54dc3eaccd5f02540598da4f865c4bb3545762"},
    {file = "pyinstrument-4.4.0-cp310-cp310-manylinux_2_17_aarch64.manylinux2014_aarch64.whl", hash = "sha256:d70fed48ddd0078e287fb580daaeede4d8703a9edc8bf4f703308a77920bac37"},
    {file = "pyinstrument-4.4.0-cp310-cp310-manylinux_2_5_i686.manylinux1_i686.manylinux_2_17_i686.manylinux2014_i686.whl", hash = "sha256:9fda1bd596e81ecd2b6a976eb9b930a757a5dd04071583d0141d059e34eed83f"},
    {file = "pyinstrument-4.4.0-cp310-cp310-manylinux_2_5_x86_64.manylinux1_x86_64.manylinux_2_17_x86_64.manylinux2014_x86_64.whl", hash = "sha256:2f57b61d39d3b1a4d773da16baa8456aa66102d6016ce1f39817051550cbe47e"},
    {file = "pyinstrument-4.4.0-cp310-cp310-musllinux_1_1_aarch64.whl", hash = "sha256:5a9aead0ca5579473f66fed4c449c693feee464802b5ba9b98772e64e02c575c"},
    {file = "pyinstrument-4.4.0-cp310-cp310-musllinux_1_1_i686.whl", hash = "sha256:375a340c3fbebd922a35b0834de1c82d1b4fea681df49f99729439a6cb5e6ad4"},
    {file = "pyinstrument-4.4.0-cp310-cp310-musllinux_1_1_x86_64.whl", hash = "sha256:b9cbaf3bcda5ad9af4c9a7bf4f1b8f15bb32c4cadf554d0a2c723892c898021b"},
    {file = "pyinstrument-4.4.0-cp310-cp310-win32.whl", hash = "sha256:97cbeb5f5a048dc6eb047495f73db90c9e2ec97606e65298c7ea2c61fa52de38"},
    {file = "pyinstrument-4.4.0-cp310-cp310-win_amd64.whl", hash = "sha256:73edbce7fda1b3d8cab0b6c39c43b012167d783c072f40928600c3357d1a5dc5"},
    {file = "pyinstrument-4.4.0-cp311-cp311-macosx_10_9_universal2.whl", hash = "sha256:7db8cb55182883be48520eb915bd1769f176a4813ce0cc38243aa2d1182e7ce7"},
    {file = "pyinstrument-4.4.0-cp311-cp311-macosx_10_9_x86_64.whl", hash = "sha256:7c614e2c241fb558a25973019ff43ce027ba4958bcb87383f0b0789af9c4d03b"},
    {file = "pyinstrument-4.4.0-cp311-cp311-manylinux_2_17_aarch64.manylinux2014_aarch64.whl", hash = "sha256:3c012422c851f0457c3cb82d8b1259d96fa0dcddc0f1e8bf4d97f0b2efe54485"},
    {file = "pyinstrument-4.4.0-cp311-cp311-manylinux_2_5_i686.manylinux1_i686.manylinux_2_17_i686.manylinux2014_i686.whl", hash = "sha256:e4f5ad100710dda68f9f345961780bf4f0cbb9fd3e46295d099bb9ad65b179ea"},
    {file = "pyinstrument-4.4.0-cp311-cp311-manylinux_2_5_x86_64.manylinux1_x86_64.manylinux_2_17_x86_64.manylinux2014_x86_64.whl", hash = "sha256:9a4a053cd67102c6fcc313366ea6be97cfce7eae2b9e57e62c9be8adbbdebc17"},
    {file = "pyinstrument-4.4.0-cp311-cp311-musllinux_1_1_aarch64.whl", hash = "sha256:1d2a1e53615c8ef210286e4d2d93be0d3e8296995b090df29a0b7ddeae5d874b"},
    {file = "pyinstrument-4.4.0-cp311-cp311-musllinux_1_1_i686.whl", hash = "sha256:b2a6609ef74ad8ba292a11fbd975660bc86466c7eaab1ff11360d24e0300800b"},
    {file = "pyinstrument-4.4.0-cp311-cp311-musllinux_1_1_x86_64.whl", hash = "sha256:3643084ee8ad22d9ea2adb13d65d4b6e18810113e4176b19d026a011957f8c7c"},
    {file = "pyinstrument-4.4.0-cp311-cp311-win32.whl", hash = "sha256:fcd717910a8ab6deca353aded890403bbaea14a6dd99a87c3367f24721d2d6aa"},
    {file = "pyinstrument-4.4.0-cp311-cp311-win_amd64.whl", hash = "sha256:be9ac54a4dd07d969d5941e4dcba67d5aef5f6826f43b9ddda65553816f6abca"},
    {file = "pyinstrument-4.4.0-cp37-cp37m-macosx_10_9_x86_64.whl", hash = "sha256:39584c0fec147e3bbfa7b28454332f9801af5f93331f4143f24a4b0f9e3cb470"},
    {file = "pyinstrument-4.4.0-cp37-cp37m-manylinux_2_17_aarch64.manylinux2014_aarch64.whl", hash = "sha256:5491a5cb3ae5e88436d48b4b3de8328286e843e7307116dc2cca397c9c2ffe21"},
    {file = "pyinstrument-4.4.0-cp37-cp37m-manylinux_2_5_i686.manylinux1_i686.manylinux_2_17_i686.manylinux2014_i686.whl", hash = "sha256:d66fcc94f0ebaab6bcbbdfa2482f833dd634352a20295616ea45286e990f7446"},
    {file = "pyinstrument-4.4.0-cp37-cp37m-manylinux_2_5_x86_64.manylinux1_x86_64.manylinux_2_17_x86_64.manylinux2014_x86_64.whl", hash = "sha256:b72bde0b1a03d1b2dc9b9d79546f551df6f67673cca816614e98ea0aebd3bc50"},
    {file = "pyinstrument-4.4.0-cp37-cp37m-musllinux_1_1_aarch64.whl", hash = "sha256:0bbd169b92147ec5d67ed160c300dda504059cfd81e953ed5b059e8ef92bb482"},
    {file = "pyinstrument-4.4.0-cp37-cp37m-musllinux_1_1_i686.whl", hash = "sha256:e5233022ba511ef7ecfef2e07d162c0817048c995f0940f9aa2f6a1936afcb9c"},
    {file = "pyinstrument-4.4.0-cp37-cp37m-musllinux_1_1_x86_64.whl", hash = "sha256:5e750fc3afb9acc288ad84b183a5ccd863e9185c435b445fcc62e0c133af9b7f"},
    {file = "pyinstrument-4.4.0-cp37-cp37m-win32.whl", hash = "sha256:2d131b98f116fb895d759dfb8c1078e0e9fa8987a9f44f566d29221545f75bd4"},
    {file = "pyinstrument-4.4.0-cp37-cp37m-win_amd64.whl", hash = "sha256:de83152bafc9eed4e5469e340b6002be825151f0654c32bbb9a3a7e31708d227"},
    {file = "pyinstrument-4.4.0-cp38-cp38-macosx_10_9_universal2.whl", hash = "sha256:a7c774c4b8df21664b082d3e72fa8cbc0631fe9bb222bb9d285ccfe9cd9b4909"},
    {file = "pyinstrument-4.4.0-cp38-cp38-macosx_10_9_x86_64.whl", hash = "sha256:7526f0b1dab721ddc19920fa1f4eeaa5bcb658a4d18ac9c50868e84f911f794b"},
    {file = "pyinstrument-4.4.0-cp38-cp38-manylinux_2_17_aarch64.manylinux2014_aarch64.whl", hash = "sha256:59f5f479db277b3dbeb0c6843a7e9a38ee8b7c23d75b9ef764d96cb522d96212"},
    {file = "pyinstrument-4.4.0-cp38-cp38-manylinux_2_5_i686.manylinux1_i686.manylinux_2_17_i686.manylinux2014_i686.whl", hash = "sha256:ffeeaa0d036a8bef31da6fc13c4ea097160f913d86319897314113bb9271af4c"},
    {file = "pyinstrument-4.4.0-cp38-cp38-manylinux_2_5_x86_64.manylinux1_x86_64.manylinux_2_17_x86_64.manylinux2014_x86_64.whl", hash = "sha256:bfc4e2fd670a570ea847f6897283d10d4b9606170e491f01b75488ed1aa37a81"},
    {file = "pyinstrument-4.4.0-cp38-cp38-musllinux_1_1_aarch64.whl", hash = "sha256:ffd9a9fa73fd83a40252430c6ebf8dfff7c668cc68eab4a92562b8b27c302598"},
    {file = "pyinstrument-4.4.0-cp38-cp38-musllinux_1_1_i686.whl", hash = "sha256:09167ece8802bc03a63e97536dcefd9c1a340dae686f40914cf995099bc0d0af"},
    {file = "pyinstrument-4.4.0-cp38-cp38-musllinux_1_1_x86_64.whl", hash = "sha256:9e7d1cc3affef4a7e4695bb87c6cfcd577e2dac508624a91481f24217ef78c57"},
    {file = "pyinstrument-4.4.0-cp38-cp38-win32.whl", hash = "sha256:b50cf50513a5318738c3c7147f02596cda4891089acf2f627bb65954fc5bcbfd"},
    {file = "pyinstrument-4.4.0-cp38-cp38-win_amd64.whl", hash = "sha256:dd9625cf136eb6684d9ca555a5088f21a7ac6c6cb2ece3ae45d09772906ceba8"},
    {file = "pyinstrument-4.4.0-cp39-cp39-macosx_10_9_universal2.whl", hash = "sha256:a8afee175335005d2964848b77579bfc18f011ea74b59b79ab6d5b35433bf3e3"},
    {file = "pyinstrument-4.4.0-cp39-cp39-macosx_10_9_x86_64.whl", hash = "sha256:ebc63b70845e3a44b673f7dcdc78ac2c475684db41b0402eea370f194da2a287"},
    {file = "pyinstrument-4.4.0-cp39-cp39-manylinux_2_17_aarch64.manylinux2014_aarch64.whl", hash = "sha256:bb89033e41e74dc2ac4fd882269e91ddf677588efa665d2be8b718e96ea4cec6"},
    {file = "pyinstrument-4.4.0-cp39-cp39-manylinux_2_5_i686.manylinux1_i686.manylinux_2_17_i686.manylinux2014_i686.whl", hash = "sha256:9b2bcd803d273c8addf01eaf75a42ae0a2a9196a58fb0ebb8d29be75abb88701"},
    {file = "pyinstrument-4.4.0-cp39-cp39-manylinux_2_5_x86_64.manylinux1_x86_64.manylinux_2_17_x86_64.manylinux2014_x86_64.whl", hash = "sha256:50727b686a0961a11eba2fe6205d0899f3479c983bcf34abb114d6da70bc1b93"},
    {file = "pyinstrument-4.4.0-cp39-cp39-musllinux_1_1_aarch64.whl", hash = "sha256:4f07941bb5dd5cd730fc84eef6497ef9f0807c686e68d0c6b1f464589646a3b7"},
    {file = "pyinstrument-4.4.0-cp39-cp39-musllinux_1_1_i686.whl", hash = "sha256:30f5ce299c3219559870117c5b0825f33243808be375be9c3525572ba050c2db"},
    {file = "pyinstrument-4.4.0-cp39-cp39-musllinux_1_1_x86_64.whl", hash = "sha256:9a13c75b24bf8eed5a4356ffa8a419cc534284a529f2b314f3e10275a820420f"},
    {file = "pyinstrument-4.4.0-cp39-cp39-win32.whl", hash = "sha256:e5583b0d23f87631af06bb9f3c184190c889c194b02553eed132de966324bdf9"},
    {file = "pyinstrument-4.4.0-cp39-cp39-win_amd64.whl", hash = "sha256:a19784a898133b7e0ffe4489155bacd2d07ec48ea059f9bf50033dc2b814c273"},
    {file = "pyinstrument-4.4.0.tar.gz", hash = "sha256:be34a2e8118c14a616a64538e02430d9099d5d67d8a370f2888e4ac71e52bbb7"},
]
python-dateutil = [
    {file = "python-dateutil-2.8.2.tar.gz", hash = "sha256:0123cacc1627ae19ddf3c27a5de5bd67ee4586fbdd6440d9748f8abb483d3e86"},
    {file = "python_dateutil-2.8.2-py2.py3-none-any.whl", hash = "sha256:961d03dc3453ebbc59dbdea9e4e11c5651520a876d0f4db161e8674aae935da9"},
]
rustberry = [
    {file = "rustberry-0.6.0-cp310-cp310-macosx_10_7_x86_64.whl", hash = "sha256:b7e8f903462b3e2b17cbedec0c505f7eec4d9e9bacb439a9763033f4f6539d53"},
]
six = [
    {file = "six-1.16.0-py2.py3-none-any.whl", hash = "sha256:8abb2f1d86890a2dfb989f9a77cfcfd3e47c2a354b01111771326f8aa26e0254"},
    {file = "six-1.16.0.tar.gz", hash = "sha256:1e61c37477a1626458e36f7b1d82aa5c9b094fa4802892072e49de9c60c4c926"},
]
strawberry-graphql = [
    {file = "strawberry_graphql-0.151.2-py3-none-any.whl", hash = "sha256:0e7df5314cc781f164fcc37d4058f73d1ba1111b72ee3334ee70002332b6ca28"},
    {file = "strawberry_graphql-0.151.2.tar.gz", hash = "sha256:89a334a6392a7c628c3da6a891427d18a9583a19b8ccf3989cbda38faf81034c"},
]
typing-extensions = [
    {file = "typing_extensions-4.4.0-py3-none-any.whl", hash = "sha256:16fa4864408f655d35ec496218b85f79b3437c829e93320c7c9215ccfd92489e"},
    {file = "typing_extensions-4.4.0.tar.gz", hash = "sha256:1511434bb92bf8dd198c12b1cc812e800d4181cfcb867674e0f8279cc93087aa"},
]
