# This file is automatically @generated by Poetry 1.4.2 and should not be changed by hand.

[[package]]
name = "cffi"
version = "1.16.0"
description = "Foreign Function Interface for Python calling C code."
category = "dev"
optional = false
python-versions = ">=3.8"
files = [
    {file = "cffi-1.16.0-cp310-cp310-macosx_10_9_x86_64.whl", hash = "sha256:6b3d6606d369fc1da4fd8c357d026317fbb9c9b75d36dc16e90e84c26854b088"},
    {file = "cffi-1.16.0-cp310-cp310-macosx_11_0_arm64.whl", hash = "sha256:ac0f5edd2360eea2f1daa9e26a41db02dd4b0451b48f7c318e217ee092a213e9"},
    {file = "cffi-1.16.0-cp310-cp310-manylinux_2_12_i686.manylinux2010_i686.manylinux_2_17_i686.manylinux2014_i686.whl", hash = "sha256:7e61e3e4fa664a8588aa25c883eab612a188c725755afff6289454d6362b9673"},
    {file = "cffi-1.16.0-cp310-cp310-manylinux_2_17_aarch64.manylinux2014_aarch64.whl", hash = "sha256:a72e8961a86d19bdb45851d8f1f08b041ea37d2bd8d4fd19903bc3083d80c896"},
    {file = "cffi-1.16.0-cp310-cp310-manylinux_2_17_ppc64le.manylinux2014_ppc64le.whl", hash = "sha256:5b50bf3f55561dac5438f8e70bfcdfd74543fd60df5fa5f62d94e5867deca684"},
    {file = "cffi-1.16.0-cp310-cp310-manylinux_2_17_s390x.manylinux2014_s390x.whl", hash = "sha256:7651c50c8c5ef7bdb41108b7b8c5a83013bfaa8a935590c5d74627c047a583c7"},
    {file = "cffi-1.16.0-cp310-cp310-manylinux_2_17_x86_64.manylinux2014_x86_64.whl", hash = "sha256:e4108df7fe9b707191e55f33efbcb2d81928e10cea45527879a4749cbe472614"},
    {file = "cffi-1.16.0-cp310-cp310-musllinux_1_1_i686.whl", hash = "sha256:32c68ef735dbe5857c810328cb2481e24722a59a2003018885514d4c09af9743"},
    {file = "cffi-1.16.0-cp310-cp310-musllinux_1_1_x86_64.whl", hash = "sha256:673739cb539f8cdaa07d92d02efa93c9ccf87e345b9a0b556e3ecc666718468d"},
    {file = "cffi-1.16.0-cp310-cp310-win32.whl", hash = "sha256:9f90389693731ff1f659e55c7d1640e2ec43ff725cc61b04b2f9c6d8d017df6a"},
    {file = "cffi-1.16.0-cp310-cp310-win_amd64.whl", hash = "sha256:e6024675e67af929088fda399b2094574609396b1decb609c55fa58b028a32a1"},
    {file = "cffi-1.16.0-cp311-cp311-macosx_10_9_x86_64.whl", hash = "sha256:b84834d0cf97e7d27dd5b7f3aca7b6e9263c56308ab9dc8aae9784abb774d404"},
    {file = "cffi-1.16.0-cp311-cp311-macosx_11_0_arm64.whl", hash = "sha256:1b8ebc27c014c59692bb2664c7d13ce7a6e9a629be20e54e7271fa696ff2b417"},
    {file = "cffi-1.16.0-cp311-cp311-manylinux_2_12_i686.manylinux2010_i686.manylinux_2_17_i686.manylinux2014_i686.whl", hash = "sha256:ee07e47c12890ef248766a6e55bd38ebfb2bb8edd4142d56db91b21ea68b7627"},
    {file = "cffi-1.16.0-cp311-cp311-manylinux_2_17_aarch64.manylinux2014_aarch64.whl", hash = "sha256:d8a9d3ebe49f084ad71f9269834ceccbf398253c9fac910c4fd7053ff1386936"},
    {file = "cffi-1.16.0-cp311-cp311-manylinux_2_17_ppc64le.manylinux2014_ppc64le.whl", hash = "sha256:e70f54f1796669ef691ca07d046cd81a29cb4deb1e5f942003f401c0c4a2695d"},
    {file = "cffi-1.16.0-cp311-cp311-manylinux_2_17_s390x.manylinux2014_s390x.whl", hash = "sha256:5bf44d66cdf9e893637896c7faa22298baebcd18d1ddb6d2626a6e39793a1d56"},
    {file = "cffi-1.16.0-cp311-cp311-manylinux_2_17_x86_64.manylinux2014_x86_64.whl", hash = "sha256:7b78010e7b97fef4bee1e896df8a4bbb6712b7f05b7ef630f9d1da00f6444d2e"},
    {file = "cffi-1.16.0-cp311-cp311-musllinux_1_1_i686.whl", hash = "sha256:c6a164aa47843fb1b01e941d385aab7215563bb8816d80ff3a363a9f8448a8dc"},
    {file = "cffi-1.16.0-cp311-cp311-musllinux_1_1_x86_64.whl", hash = "sha256:e09f3ff613345df5e8c3667da1d918f9149bd623cd9070c983c013792a9a62eb"},
    {file = "cffi-1.16.0-cp311-cp311-win32.whl", hash = "sha256:2c56b361916f390cd758a57f2e16233eb4f64bcbeee88a4881ea90fca14dc6ab"},
    {file = "cffi-1.16.0-cp311-cp311-win_amd64.whl", hash = "sha256:db8e577c19c0fda0beb7e0d4e09e0ba74b1e4c092e0e40bfa12fe05b6f6d75ba"},
    {file = "cffi-1.16.0-cp312-cp312-macosx_10_9_x86_64.whl", hash = "sha256:fa3a0128b152627161ce47201262d3140edb5a5c3da88d73a1b790a959126956"},
    {file = "cffi-1.16.0-cp312-cp312-macosx_11_0_arm64.whl", hash = "sha256:68e7c44931cc171c54ccb702482e9fc723192e88d25a0e133edd7aff8fcd1f6e"},
    {file = "cffi-1.16.0-cp312-cp312-manylinux_2_12_i686.manylinux2010_i686.manylinux_2_17_i686.manylinux2014_i686.whl", hash = "sha256:abd808f9c129ba2beda4cfc53bde801e5bcf9d6e0f22f095e45327c038bfe68e"},
    {file = "cffi-1.16.0-cp312-cp312-manylinux_2_17_aarch64.manylinux2014_aarch64.whl", hash = "sha256:88e2b3c14bdb32e440be531ade29d3c50a1a59cd4e51b1dd8b0865c54ea5d2e2"},
    {file = "cffi-1.16.0-cp312-cp312-manylinux_2_17_ppc64le.manylinux2014_ppc64le.whl", hash = "sha256:fcc8eb6d5902bb1cf6dc4f187ee3ea80a1eba0a89aba40a5cb20a5087d961357"},
    {file = "cffi-1.16.0-cp312-cp312-manylinux_2_17_s390x.manylinux2014_s390x.whl", hash = "sha256:b7be2d771cdba2942e13215c4e340bfd76398e9227ad10402a8767ab1865d2e6"},
    {file = "cffi-1.16.0-cp312-cp312-manylinux_2_17_x86_64.manylinux2014_x86_64.whl", hash = "sha256:e715596e683d2ce000574bae5d07bd522c781a822866c20495e52520564f0969"},
    {file = "cffi-1.16.0-cp312-cp312-musllinux_1_1_x86_64.whl", hash = "sha256:2d92b25dbf6cae33f65005baf472d2c245c050b1ce709cc4588cdcdd5495b520"},
    {file = "cffi-1.16.0-cp312-cp312-win32.whl", hash = "sha256:b2ca4e77f9f47c55c194982e10f058db063937845bb2b7a86c84a6cfe0aefa8b"},
    {file = "cffi-1.16.0-cp312-cp312-win_amd64.whl", hash = "sha256:68678abf380b42ce21a5f2abde8efee05c114c2fdb2e9eef2efdb0257fba1235"},
    {file = "cffi-1.16.0-cp38-cp38-macosx_10_9_x86_64.whl", hash = "sha256:0c9ef6ff37e974b73c25eecc13952c55bceed9112be2d9d938ded8e856138bcc"},
    {file = "cffi-1.16.0-cp38-cp38-manylinux_2_12_i686.manylinux2010_i686.manylinux_2_17_i686.manylinux2014_i686.whl", hash = "sha256:a09582f178759ee8128d9270cd1344154fd473bb77d94ce0aeb2a93ebf0feaf0"},
    {file = "cffi-1.16.0-cp38-cp38-manylinux_2_17_aarch64.manylinux2014_aarch64.whl", hash = "sha256:e760191dd42581e023a68b758769e2da259b5d52e3103c6060ddc02c9edb8d7b"},
    {file = "cffi-1.16.0-cp38-cp38-manylinux_2_17_ppc64le.manylinux2014_ppc64le.whl", hash = "sha256:80876338e19c951fdfed6198e70bc88f1c9758b94578d5a7c4c91a87af3cf31c"},
    {file = "cffi-1.16.0-cp38-cp38-manylinux_2_17_s390x.manylinux2014_s390x.whl", hash = "sha256:a6a14b17d7e17fa0d207ac08642c8820f84f25ce17a442fd15e27ea18d67c59b"},
    {file = "cffi-1.16.0-cp38-cp38-manylinux_2_17_x86_64.manylinux2014_x86_64.whl", hash = "sha256:6602bc8dc6f3a9e02b6c22c4fc1e47aa50f8f8e6d3f78a5e16ac33ef5fefa324"},
    {file = "cffi-1.16.0-cp38-cp38-win32.whl", hash = "sha256:131fd094d1065b19540c3d72594260f118b231090295d8c34e19a7bbcf2e860a"},
    {file = "cffi-1.16.0-cp38-cp38-win_amd64.whl", hash = "sha256:31d13b0f99e0836b7ff893d37af07366ebc90b678b6664c955b54561fc36ef36"},
    {file = "cffi-1.16.0-cp39-cp39-macosx_10_9_x86_64.whl", hash = "sha256:582215a0e9adbe0e379761260553ba11c58943e4bbe9c36430c4ca6ac74b15ed"},
    {file = "cffi-1.16.0-cp39-cp39-macosx_11_0_arm64.whl", hash = "sha256:b29ebffcf550f9da55bec9e02ad430c992a87e5f512cd63388abb76f1036d8d2"},
    {file = "cffi-1.16.0-cp39-cp39-manylinux_2_12_i686.manylinux2010_i686.manylinux_2_17_i686.manylinux2014_i686.whl", hash = "sha256:dc9b18bf40cc75f66f40a7379f6a9513244fe33c0e8aa72e2d56b0196a7ef872"},
    {file = "cffi-1.16.0-cp39-cp39-manylinux_2_17_aarch64.manylinux2014_aarch64.whl", hash = "sha256:9cb4a35b3642fc5c005a6755a5d17c6c8b6bcb6981baf81cea8bfbc8903e8ba8"},
    {file = "cffi-1.16.0-cp39-cp39-manylinux_2_17_ppc64le.manylinux2014_ppc64le.whl", hash = "sha256:b86851a328eedc692acf81fb05444bdf1891747c25af7529e39ddafaf68a4f3f"},
    {file = "cffi-1.16.0-cp39-cp39-manylinux_2_17_s390x.manylinux2014_s390x.whl", hash = "sha256:c0f31130ebc2d37cdd8e44605fb5fa7ad59049298b3f745c74fa74c62fbfcfc4"},
    {file = "cffi-1.16.0-cp39-cp39-manylinux_2_17_x86_64.manylinux2014_x86_64.whl", hash = "sha256:8f8e709127c6c77446a8c0a8c8bf3c8ee706a06cd44b1e827c3e6a2ee6b8c098"},
    {file = "cffi-1.16.0-cp39-cp39-musllinux_1_1_i686.whl", hash = "sha256:748dcd1e3d3d7cd5443ef03ce8685043294ad6bd7c02a38d1bd367cfd968e000"},
    {file = "cffi-1.16.0-cp39-cp39-musllinux_1_1_x86_64.whl", hash = "sha256:8895613bcc094d4a1b2dbe179d88d7fb4a15cee43c052e8885783fac397d91fe"},
    {file = "cffi-1.16.0-cp39-cp39-win32.whl", hash = "sha256:ed86a35631f7bfbb28e108dd96773b9d5a6ce4811cf6ea468bb6a359b256b1e4"},
    {file = "cffi-1.16.0-cp39-cp39-win_amd64.whl", hash = "sha256:3686dffb02459559c74dd3d81748269ffb0eb027c39a6fc99502de37d501faa8"},
    {file = "cffi-1.16.0.tar.gz", hash = "sha256:bcb3ef43e58665bbda2fb198698fcae6776483e0c4a631aa5647806c25e02cc0"},
]

[package.dependencies]
pycparser = "*"

[[package]]
name = "colorama"
version = "0.4.6"
description = "Cross-platform colored terminal text."
category = "main"
optional = false
python-versions = "!=3.0.*,!=3.1.*,!=3.2.*,!=3.3.*,!=3.4.*,!=3.5.*,!=3.6.*,>=2.7"
files = [
    {file = "colorama-0.4.6-py2.py3-none-any.whl", hash = "sha256:4f1d9991f5acc0ca119f9d443620b77f9d6b33703e51011c16baf57afb285fc6"},
    {file = "colorama-0.4.6.tar.gz", hash = "sha256:08695f5cb7ed6e0531a20572697297273c47b8cae5a63ffc6d6ed5c201be6e44"},
]

[[package]]
name = "filelock"
version = "3.14.0"
description = "A platform independent file lock."
category = "dev"
optional = false
python-versions = ">=3.8"
files = [
    {file = "filelock-3.14.0-py3-none-any.whl", hash = "sha256:43339835842f110ca7ae60f1e1c160714c5a6afd15a2873419ab185334975c0f"},
    {file = "filelock-3.14.0.tar.gz", hash = "sha256:6ea72da3be9b8c82afd3edcf99f2fffbb5076335a5ae4d03248bb5b6c3eae78a"},
]

[package.extras]
docs = ["furo (>=2023.9.10)", "sphinx (>=7.2.6)", "sphinx-autodoc-typehints (>=1.25.2)"]
testing = ["covdefaults (>=2.3)", "coverage (>=7.3.2)", "diff-cover (>=8.0.1)", "pytest (>=7.4.3)", "pytest-cov (>=4.1)", "pytest-mock (>=3.12)", "pytest-timeout (>=2.2)"]
typing = ["typing-extensions (>=4.8)"]

[[package]]
name = "graphql-core"
version = "3.2.3"
description = "GraphQL implementation for Python, a port of GraphQL.js, the JavaScript reference implementation for GraphQL."
category = "main"
optional = false
python-versions = ">=3.6,<4"
files = [
    {file = "graphql-core-3.2.3.tar.gz", hash = "sha256:06d2aad0ac723e35b1cb47885d3e5c45e956a53bc1b209a9fc5369007fe46676"},
    {file = "graphql_core-3.2.3-py3-none-any.whl", hash = "sha256:5766780452bd5ec8ba133f8bf287dc92713e3868ddd83aee4faab9fc3e303dc3"},
]

[[package]]
name = "iniconfig"
version = "2.0.0"
description = "brain-dead simple config-ini parsing"
category = "main"
optional = false
python-versions = ">=3.7"
files = [
    {file = "iniconfig-2.0.0-py3-none-any.whl", hash = "sha256:b6a85871a79d2e3b22d2d1b94ac2824226a63c6b741c88f7ae975f18b6778374"},
    {file = "iniconfig-2.0.0.tar.gz", hash = "sha256:2d91e135bf72d31a410b17c16da610a82cb55f6b0477d1a902134b24a455b8b3"},
]

[[package]]
name = "packaging"
version = "24.0"
description = "Core utilities for Python packages"
category = "main"
optional = false
python-versions = ">=3.7"
files = [
    {file = "packaging-24.0-py3-none-any.whl", hash = "sha256:2ddfb553fdf02fb784c234c7ba6ccc288296ceabec964ad2eae3777778130bc5"},
    {file = "packaging-24.0.tar.gz", hash = "sha256:eb82c5e3e56209074766e6885bb04b8c38a0c015d0a30036ebe7ece34c9989e9"},
]

[[package]]
name = "pluggy"
version = "1.5.0"
description = "plugin and hook calling mechanisms for python"
category = "main"
optional = false
python-versions = ">=3.8"
files = [
    {file = "pluggy-1.5.0-py3-none-any.whl", hash = "sha256:44e1ad92c8ca002de6377e165f3e0f1be63266ab4d554740532335b9d75ea669"},
    {file = "pluggy-1.5.0.tar.gz", hash = "sha256:2cffa88e94fdc978c4c574f15f9e59b7f4201d439195c3715ca9e2486f1d0cf1"},
]

[package.extras]
dev = ["pre-commit", "tox"]
testing = ["pytest", "pytest-benchmark"]

[[package]]
name = "pycparser"
version = "2.22"
description = "C parser in Python"
category = "dev"
optional = false
python-versions = ">=3.8"
files = [
    {file = "pycparser-2.22-py3-none-any.whl", hash = "sha256:c3702b6d3dd8c7abc1afa565d7e63d53a1d0bd86cdc24edd75470f4de499cfcc"},
    {file = "pycparser-2.22.tar.gz", hash = "sha256:491c8be9c040f5390f5bf44a5b07752bd07f56edf992381b05c701439eec10f6"},
]

[[package]]
name = "pyinstrument"
version = "4.6.2"
description = "Call stack profiler for Python. Shows you why your code is slow!"
category = "main"
optional = false
python-versions = ">=3.7"
files = [
    {file = "pyinstrument-4.6.2-cp310-cp310-macosx_10_9_universal2.whl", hash = "sha256:7a1b1cd768ea7ea9ab6f5490f7e74431321bcc463e9441dbc2f769617252d9e2"},
    {file = "pyinstrument-4.6.2-cp310-cp310-macosx_10_9_x86_64.whl", hash = "sha256:8a386b9d09d167451fb2111eaf86aabf6e094fed42c15f62ec51d6980bce7d96"},
    {file = "pyinstrument-4.6.2-cp310-cp310-manylinux_2_17_aarch64.manylinux2014_aarch64.whl", hash = "sha256:23c3e3ca8553b9aac09bd978c73d21b9032c707ac6d803bae6a20ecc048df4a8"},
    {file = "pyinstrument-4.6.2-cp310-cp310-manylinux_2_5_i686.manylinux1_i686.manylinux_2_17_i686.manylinux2014_i686.whl", hash = "sha256:5f329f5534ca069420246f5ce57270d975229bcb92a3a3fd6b2ca086527d9764"},
    {file = "pyinstrument-4.6.2-cp310-cp310-manylinux_2_5_x86_64.manylinux1_x86_64.manylinux_2_17_x86_64.manylinux2014_x86_64.whl", hash = "sha256:d4dcdcc7ba224a0c5edfbd00b0f530f5aed2b26da5aaa2f9af5519d4aa8c7e41"},
    {file = "pyinstrument-4.6.2-cp310-cp310-musllinux_1_1_aarch64.whl", hash = "sha256:73db0c2c99119c65b075feee76e903b4ed82e59440fe8b5724acf5c7cb24721f"},
    {file = "pyinstrument-4.6.2-cp310-cp310-musllinux_1_1_i686.whl", hash = "sha256:da58f265326f3cf3975366ccb8b39014f1e69ff8327958a089858d71c633d654"},
    {file = "pyinstrument-4.6.2-cp310-cp310-musllinux_1_1_x86_64.whl", hash = "sha256:feebcf860f955401df30d029ec8de7a0c5515d24ea809736430fd1219686fe14"},
    {file = "pyinstrument-4.6.2-cp310-cp310-win32.whl", hash = "sha256:b2b66ff0b16c8ecf1ec22de001cfff46872b2c163c62429055105564eef50b2e"},
    {file = "pyinstrument-4.6.2-cp310-cp310-win_amd64.whl", hash = "sha256:8d104b7a7899d5fa4c5bf1ceb0c1a070615a72c5dc17bc321b612467ad5c5d88"},
    {file = "pyinstrument-4.6.2-cp311-cp311-macosx_10_9_universal2.whl", hash = "sha256:62f6014d2b928b181a52483e7c7b82f2c27e22c577417d1681153e5518f03317"},
    {file = "pyinstrument-4.6.2-cp311-cp311-macosx_10_9_x86_64.whl", hash = "sha256:dcb5c8d763c5df55131670ba2a01a8aebd0d490a789904a55eb6a8b8d497f110"},
    {file = "pyinstrument-4.6.2-cp311-cp311-manylinux_2_17_aarch64.manylinux2014_aarch64.whl", hash = "sha256:6ed4e8c6c84e0e6429ba7008a66e435ede2d8cb027794c20923c55669d9c5633"},
    {file = "pyinstrument-4.6.2-cp311-cp311-manylinux_2_5_i686.manylinux1_i686.manylinux_2_17_i686.manylinux2014_i686.whl", hash = "sha256:6c0f0e1d8f8c70faa90ff57f78ac0dda774b52ea0bfb2d9f0f41ce6f3e7c869e"},
    {file = "pyinstrument-4.6.2-cp311-cp311-manylinux_2_5_x86_64.manylinux1_x86_64.manylinux_2_17_x86_64.manylinux2014_x86_64.whl", hash = "sha256:8b3c44cb037ad0d6e9d9a48c14d856254ada641fbd0ae9de40da045fc2226a2a"},
    {file = "pyinstrument-4.6.2-cp311-cp311-musllinux_1_1_aarch64.whl", hash = "sha256:be9901f17ac2f527c352f2fdca3d717c1d7f2ce8a70bad5a490fc8cc5d2a6007"},
    {file = "pyinstrument-4.6.2-cp311-cp311-musllinux_1_1_i686.whl", hash = "sha256:8a9791bf8916c1cf439c202fded32de93354b0f57328f303d71950b0027c7811"},
    {file = "pyinstrument-4.6.2-cp311-cp311-musllinux_1_1_x86_64.whl", hash = "sha256:d6162615e783c59e36f2d7caf903a7e3ecb6b32d4a4ae8907f2760b2ef395bf6"},
    {file = "pyinstrument-4.6.2-cp311-cp311-win32.whl", hash = "sha256:28af084aa84bbfd3620ebe71d5f9a0deca4451267f363738ca824f733de55056"},
    {file = "pyinstrument-4.6.2-cp311-cp311-win_amd64.whl", hash = "sha256:dd6007d3c2e318e09e582435dd8d111cccf30d342af66886b783208813caf3d7"},
    {file = "pyinstrument-4.6.2-cp312-cp312-macosx_10_9_universal2.whl", hash = "sha256:e3813c8ecfab9d7d855c5f0f71f11793cf1507f40401aa33575c7fd613577c23"},
    {file = "pyinstrument-4.6.2-cp312-cp312-macosx_10_9_x86_64.whl", hash = "sha256:6c761372945e60fc1396b7a49f30592e8474e70a558f1a87346d27c8c4ce50f7"},
    {file = "pyinstrument-4.6.2-cp312-cp312-manylinux_2_17_aarch64.manylinux2014_aarch64.whl", hash = "sha256:4fba3244e94c117bf4d9b30b8852bbdcd510e7329fdd5c7c8b3799e00a9215a8"},
    {file = "pyinstrument-4.6.2-cp312-cp312-manylinux_2_5_i686.manylinux1_i686.manylinux_2_17_i686.manylinux2014_i686.whl", hash = "sha256:803ac64e526473d64283f504df3b0d5c2c203ea9603cab428641538ffdc753a7"},
    {file = "pyinstrument-4.6.2-cp312-cp312-manylinux_2_5_x86_64.manylinux1_x86_64.manylinux_2_17_x86_64.manylinux2014_x86_64.whl", hash = "sha256:e2e554b1bb0df78f5ce8a92df75b664912ca93aa94208386102af454ec31b647"},
    {file = "pyinstrument-4.6.2-cp312-cp312-musllinux_1_1_aarch64.whl", hash = "sha256:7c671057fad22ee3ded897a6a361204ea2538e44c1233cad0e8e30f6d27f33db"},
    {file = "pyinstrument-4.6.2-cp312-cp312-musllinux_1_1_i686.whl", hash = "sha256:d02f31fa13a9e8dc702a113878419deba859563a32474c9f68e04619d43d6f01"},
    {file = "pyinstrument-4.6.2-cp312-cp312-musllinux_1_1_x86_64.whl", hash = "sha256:b55983a884f083f93f0fc6d12ff8df0acd1e2fb0580d2f4c7bfe6def33a84b58"},
    {file = "pyinstrument-4.6.2-cp312-cp312-win32.whl", hash = "sha256:fdc0a53b27e5d8e47147489c7dab596ddd1756b1e053217ef5bc6718567099ff"},
    {file = "pyinstrument-4.6.2-cp312-cp312-win_amd64.whl", hash = "sha256:dd5c53a0159126b5ce7cbc4994433c9c671e057c85297ff32645166a06ad2c50"},
    {file = "pyinstrument-4.6.2-cp37-cp37m-macosx_10_9_x86_64.whl", hash = "sha256:b082df0bbf71251a7f4880a12ed28421dba84ea7110bb376e0533067a4eaff40"},
    {file = "pyinstrument-4.6.2-cp37-cp37m-manylinux_2_17_aarch64.manylinux2014_aarch64.whl", hash = "sha256:90350533396071cb2543affe01e40bf534c35cb0d4b8fa9fdb0f052f9ca2cfe3"},
    {file = "pyinstrument-4.6.2-cp37-cp37m-manylinux_2_5_i686.manylinux1_i686.manylinux_2_17_i686.manylinux2014_i686.whl", hash = "sha256:67268bb0d579330cff40fd1c90b8510363ca1a0e7204225840614068658dab77"},
    {file = "pyinstrument-4.6.2-cp37-cp37m-manylinux_2_5_x86_64.manylinux1_x86_64.manylinux_2_17_x86_64.manylinux2014_x86_64.whl", hash = "sha256:20e15b4e1d29ba0b7fc81aac50351e0dc0d7e911e93771ebc3f408e864a2c93b"},
    {file = "pyinstrument-4.6.2-cp37-cp37m-musllinux_1_1_aarch64.whl", hash = "sha256:2e625fc6ffcd4fd420493edd8276179c3f784df207bef4c2192725c1b310534c"},
    {file = "pyinstrument-4.6.2-cp37-cp37m-musllinux_1_1_i686.whl", hash = "sha256:113d2fc534c9ca7b6b5661d6ada05515bf318f6eb34e8d05860fe49eb7cfe17e"},
    {file = "pyinstrument-4.6.2-cp37-cp37m-musllinux_1_1_x86_64.whl", hash = "sha256:3098cd72b71a322a72dafeb4ba5c566465e193d2030adad4c09566bd2f89bf4f"},
    {file = "pyinstrument-4.6.2-cp37-cp37m-win32.whl", hash = "sha256:08fdc7f88c989316fa47805234c37a40fafe7b614afd8ae863f0afa9d1707b37"},
    {file = "pyinstrument-4.6.2-cp37-cp37m-win_amd64.whl", hash = "sha256:5ebeba952c0056dcc9b9355328c78c4b5c2a33b4b4276a9157a3ab589f3d1bac"},
    {file = "pyinstrument-4.6.2-cp38-cp38-macosx_10_9_universal2.whl", hash = "sha256:34e59e91c88ec9ad5630c0964eca823949005e97736bfa838beb4789e94912a2"},
    {file = "pyinstrument-4.6.2-cp38-cp38-macosx_10_9_x86_64.whl", hash = "sha256:cd0320c39e99e3c0a3129d1ed010ac41e5a7eb96fb79900d270080a97962e995"},
    {file = "pyinstrument-4.6.2-cp38-cp38-manylinux_2_17_aarch64.manylinux2014_aarch64.whl", hash = "sha256:46992e855d630575ec635eeca0068a8ddf423d4fd32ea0875a94e9f8688f0b95"},
    {file = "pyinstrument-4.6.2-cp38-cp38-manylinux_2_5_i686.manylinux1_i686.manylinux_2_17_i686.manylinux2014_i686.whl", hash = "sha256:1e474c56da636253dfdca7cd1998b240d6b39f7ed34777362db69224fcf053b1"},
    {file = "pyinstrument-4.6.2-cp38-cp38-manylinux_2_5_x86_64.manylinux1_x86_64.manylinux_2_17_x86_64.manylinux2014_x86_64.whl", hash = "sha256:d4b559322f30509ad8f082561792352d0805b3edfa508e492a36041fdc009259"},
    {file = "pyinstrument-4.6.2-cp38-cp38-musllinux_1_1_aarch64.whl", hash = "sha256:06a8578b2943eb1dbbf281e1e59e44246acfefd79e1b06d4950f01b693de12af"},
    {file = "pyinstrument-4.6.2-cp38-cp38-musllinux_1_1_i686.whl", hash = "sha256:7bd3da31c46f1c1cb7ae89031725f6a1d1015c2041d9c753fe23980f5f9fd86c"},
    {file = "pyinstrument-4.6.2-cp38-cp38-musllinux_1_1_x86_64.whl", hash = "sha256:e63f4916001aa9c625976a50779282e0a5b5e9b17c52a50ef4c651e468ed5b88"},
    {file = "pyinstrument-4.6.2-cp38-cp38-win32.whl", hash = "sha256:32ec8db6896b94af790a530e1e0edad4d0f941a0ab8dd9073e5993e7ea46af7d"},
    {file = "pyinstrument-4.6.2-cp38-cp38-win_amd64.whl", hash = "sha256:a59fc4f7db738a094823afe6422509fa5816a7bf74e768ce5a7a2ddd91af40ac"},
    {file = "pyinstrument-4.6.2-cp39-cp39-macosx_10_9_universal2.whl", hash = "sha256:3a165e0d2deb212d4cf439383982a831682009e1b08733c568cac88c89784e62"},
    {file = "pyinstrument-4.6.2-cp39-cp39-macosx_10_9_x86_64.whl", hash = "sha256:7ba858b3d6f6e5597c641edcc0e7e464f85aba86d71bc3b3592cb89897bf43f6"},
    {file = "pyinstrument-4.6.2-cp39-cp39-manylinux_2_17_aarch64.manylinux2014_aarch64.whl", hash = "sha256:2fd8e547cf3df5f0ec6e4dffbe2e857f6b28eda51b71c3c0b5a2fc0646527835"},
    {file = "pyinstrument-4.6.2-cp39-cp39-manylinux_2_5_i686.manylinux1_i686.manylinux_2_17_i686.manylinux2014_i686.whl", hash = "sha256:0de2c1714a37a820033b19cf134ead43299a02662f1379140974a9ab733c5f3a"},
    {file = "pyinstrument-4.6.2-cp39-cp39-manylinux_2_5_x86_64.manylinux1_x86_64.manylinux_2_17_x86_64.manylinux2014_x86_64.whl", hash = "sha256:01fc45dedceec3df81668d702bca6d400d956c8b8494abc206638c167c78dfd9"},
    {file = "pyinstrument-4.6.2-cp39-cp39-musllinux_1_1_aarch64.whl", hash = "sha256:5b6e161ef268d43ee6bbfae7fd2cdd0a52c099ddd21001c126ca1805dc906539"},
    {file = "pyinstrument-4.6.2-cp39-cp39-musllinux_1_1_i686.whl", hash = "sha256:6ba8e368d0421f15ba6366dfd60ec131c1b46505d021477e0f865d26cf35a605"},
    {file = "pyinstrument-4.6.2-cp39-cp39-musllinux_1_1_x86_64.whl", hash = "sha256:edca46f04a573ac2fb11a84b937844e6a109f38f80f4b422222fb5be8ecad8cb"},
    {file = "pyinstrument-4.6.2-cp39-cp39-win32.whl", hash = "sha256:baf375953b02fe94d00e716f060e60211ede73f49512b96687335f7071adb153"},
    {file = "pyinstrument-4.6.2-cp39-cp39-win_amd64.whl", hash = "sha256:af1a953bce9fd530040895d01ff3de485e25e1576dccb014f76ba9131376fcad"},
    {file = "pyinstrument-4.6.2.tar.gz", hash = "sha256:0002ee517ed8502bbda6eb2bb1ba8f95a55492fcdf03811ba13d4806e50dd7f6"},
]

[package.extras]
bin = ["click", "nox"]
docs = ["furo (==2021.6.18b36)", "myst-parser (==0.15.1)", "sphinx (==4.2.0)", "sphinxcontrib-programoutput (==0.17)"]
examples = ["django", "numpy"]
test = ["flaky", "greenlet (>=3.0.0a1)", "ipython", "pytest", "pytest-asyncio (==0.12.0)", "sphinx-autobuild (==2021.3.14)", "trio"]
types = ["typing-extensions"]

[[package]]
name = "pytest"
version = "8.2.1"
description = "pytest: simple powerful testing with Python"
category = "main"
optional = false
python-versions = ">=3.8"
files = [
    {file = "pytest-8.2.1-py3-none-any.whl", hash = "sha256:faccc5d332b8c3719f40283d0d44aa5cf101cec36f88cde9ed8f2bc0538612b1"},
    {file = "pytest-8.2.1.tar.gz", hash = "sha256:5046e5b46d8e4cac199c373041f26be56fdb81eb4e67dc11d4e10811fc3408fd"},
]

[package.dependencies]
colorama = {version = "*", markers = "sys_platform == \"win32\""}
iniconfig = "*"
packaging = "*"
pluggy = ">=1.5,<2.0"

[package.extras]
dev = ["argcomplete", "attrs (>=19.2)", "hypothesis (>=3.56)", "mock", "pygments (>=2.7.2)", "requests", "setuptools", "xmlschema"]

[[package]]
name = "pytest-codspeed"
version = "2.2.1"
description = "Pytest plugin to create CodSpeed benchmarks"
category = "dev"
optional = false
python-versions = ">=3.7"
files = [
    {file = "pytest_codspeed-2.2.1-py3-none-any.whl", hash = "sha256:aad08033015f3e6c8c14c8bf0eca475921a9b088e92c98b626bf8af8f516471e"},
    {file = "pytest_codspeed-2.2.1.tar.gz", hash = "sha256:0adc24baf01c64a6ca0a0b83b3cd704351708997e09ec086b7776c32227d4e0a"},
]

[package.dependencies]
cffi = ">=1.15.1"
filelock = ">=3.12.2"
pytest = ">=3.8"
setuptools = {version = "*", markers = "python_full_version >= \"3.12.0\""}

[package.extras]
compat = ["pytest-benchmark (>=4.0.0,<4.1.0)", "pytest-xdist (>=2.0.0,<2.1.0)"]
lint = ["mypy (>=1.3.0,<1.4.0)", "ruff (>=0.3.3,<0.4.0)"]
test = ["pytest (>=7.0,<8.0)", "pytest-cov (>=4.0.0,<4.1.0)"]

[[package]]
name = "python-dateutil"
version = "2.9.0.post0"
description = "Extensions to the standard Python datetime module"
category = "main"
optional = false
python-versions = "!=3.0.*,!=3.1.*,!=3.2.*,>=2.7"
files = [
    {file = "python-dateutil-2.9.0.post0.tar.gz", hash = "sha256:37dd54208da7e1cd875388217d5e00ebd4179249f90fb72437e91a35459a0ad3"},
    {file = "python_dateutil-2.9.0.post0-py2.py3-none-any.whl", hash = "sha256:a8b2bc7bffae282281c8140a97d3aa9c14da0b136dfe83f850eea9a5f7470427"},
]

[package.dependencies]
six = ">=1.5"

[[package]]
name = "rustberry"
version = "0.0.14"
description = ""
category = "dev"
optional = false
python-versions = ">=3.11"
files = [
    {file = "rustberry-0.0.14-cp311-cp311-macosx_11_0_arm64.whl", hash = "sha256:c600e55e28f1a7b4610639834d35cc19d1fbfab3cb5be7084cc88845833471e5"},
]

[package.source]
type = "file"
url = "../target/wheels/rustberry-0.0.14-cp311-cp311-macosx_11_0_arm64.whl"

[[package]]
name = "setuptools"
version = "69.5.1"
description = "Easily download, build, install, upgrade, and uninstall Python packages"
category = "dev"
optional = false
python-versions = ">=3.8"
files = [
    {file = "setuptools-69.5.1-py3-none-any.whl", hash = "sha256:c636ac361bc47580504644275c9ad802c50415c7522212252c033bd15f301f32"},
    {file = "setuptools-69.5.1.tar.gz", hash = "sha256:6c1fccdac05a97e598fb0ae3bbed5904ccb317337a51139dcd51453611bbb987"},
]

[package.extras]
docs = ["furo", "jaraco.packaging (>=9.3)", "jaraco.tidelift (>=1.4)", "pygments-github-lexers (==0.0.5)", "rst.linker (>=1.9)", "sphinx (>=3.5)", "sphinx-favicon", "sphinx-inline-tabs", "sphinx-lint", "sphinx-notfound-page (>=1,<2)", "sphinx-reredirects", "sphinxcontrib-towncrier"]
testing = ["build[virtualenv]", "filelock (>=3.4.0)", "importlib-metadata", "ini2toml[lite] (>=0.9)", "jaraco.develop (>=7.21)", "jaraco.envs (>=2.2)", "jaraco.path (>=3.2.0)", "mypy (==1.9)", "packaging (>=23.2)", "pip (>=19.1)", "pytest (>=6,!=8.1.1)", "pytest-checkdocs (>=2.4)", "pytest-cov", "pytest-enabler (>=2.2)", "pytest-home (>=0.5)", "pytest-mypy", "pytest-perf", "pytest-ruff (>=0.2.1)", "pytest-timeout", "pytest-xdist (>=3)", "tomli", "tomli-w (>=1.0.0)", "virtualenv (>=13.0.0)", "wheel"]
testing-integration = ["build[virtualenv] (>=1.0.3)", "filelock (>=3.4.0)", "jaraco.envs (>=2.2)", "jaraco.path (>=3.2.0)", "packaging (>=23.2)", "pytest", "pytest-enabler", "pytest-xdist", "tomli", "virtualenv (>=13.0.0)", "wheel"]

[[package]]
name = "six"
version = "1.16.0"
description = "Python 2 and 3 compatibility utilities"
category = "main"
optional = false
python-versions = ">=2.7, !=3.0.*, !=3.1.*, !=3.2.*"
files = [
    {file = "six-1.16.0-py2.py3-none-any.whl", hash = "sha256:8abb2f1d86890a2dfb989f9a77cfcfd3e47c2a354b01111771326f8aa26e0254"},
    {file = "six-1.16.0.tar.gz", hash = "sha256:1e61c37477a1626458e36f7b1d82aa5c9b094fa4802892072e49de9c60c4c926"},
]

[[package]]
name = "strawberry-graphql"
version = "0.156.4"
description = "A library for creating GraphQL APIs"
category = "main"
optional = false
python-versions = ">=3.7,<4.0"
files = [
    {file = "strawberry_graphql-0.156.4-py3-none-any.whl", hash = "sha256:9bafa2854255aa6b30d20dba3c8acb55ee32b8538883abd1e50c9a57c7597c21"},
    {file = "strawberry_graphql-0.156.4.tar.gz", hash = "sha256:182ff634e3012f0c92a8a44f1d0b137d06f09aa9c56823bcf70f759a9a20857c"},
]

[package.dependencies]
graphql-core = ">=3.2.0,<3.3.0"
python-dateutil = ">=2.7.0,<3.0.0"
typing_extensions = ">=3.7.4,<5.0.0"

[package.extras]
aiohttp = ["aiohttp (>=3.7.4.post0,<4.0.0)"]
asgi = ["python-multipart (>=0.0.5,<0.0.6)", "starlette (>=0.13.6)"]
chalice = ["chalice (>=1.22,<2.0)"]
channels = ["asgiref (>=3.2,<4.0)", "channels (>=3.0.5)"]
cli = ["click (>=7.0,<9.0)", "libcst (>=0.4.7)", "pygments (>=2.3,<3.0)", "rich (>=12.0.0)"]
debug = ["libcst (>=0.4.7)", "rich (>=12.0.0)"]
debug-server = ["click (>=7.0,<9.0)", "libcst (>=0.4.7)", "pygments (>=2.3,<3.0)", "python-multipart (>=0.0.5,<0.0.6)", "rich (>=12.0.0)", "starlette (>=0.13.6)", "uvicorn (>=0.11.6,<0.21.0)"]
django = ["Django (>=3.2)", "asgiref (>=3.2,<4.0)"]
fastapi = ["fastapi (>=0.65.2)", "python-multipart (>=0.0.5,<0.0.6)"]
flask = ["flask (>=1.1)"]
opentelemetry = ["opentelemetry-api (<2)", "opentelemetry-sdk (<2)"]
pydantic = ["pydantic (<2)"]
sanic = ["sanic (>=20.12.2)"]

[[package]]
name = "typing-extensions"
version = "4.11.0"
description = "Backported and Experimental Type Hints for Python 3.8+"
category = "main"
optional = false
python-versions = ">=3.8"
files = [
    {file = "typing_extensions-4.11.0-py3-none-any.whl", hash = "sha256:c1f94d72897edaf4ce775bb7558d5b79d8126906a14ea5ed1635921406c0387a"},
    {file = "typing_extensions-4.11.0.tar.gz", hash = "sha256:83f085bd5ca59c80295fc2a82ab5dac679cbe02b9f33f7d83af68e241bea51b0"},
]

[metadata]
lock-version = "2.0"
python-versions = "^3.11"
content-hash = "27188b5c9fe44dc695803c78a3534a4cebe25f6850e698c785760459986c6dcf"
